hash: 7f63219af18547e355ed8de56f97ad7d16af487fe0cc94bf92161c406f22753c
updated: 2018-02-28T15:01:47.139959-08:00
imports:
- name: github.com/newrelic/go-agent
  version: f5bce3387232559bcbe6a5f8227c4bf508dac1ba
  subpackages:
  - internal
  - internal/cat
  - internal/jsonx
  - internal/logger
  - internal/sysinfo
  - internal/utilization
testImports: []
