hash: d001381d470a86257a64df21ac16dfe85ecee97c993f013e557e555df9f22888
updated: 2018-02-28T11:21:45.162728-08:00
imports:
- name: github.com/newrelic/go-agent
  version: f5bce3387232559bcbe6a5f8227c4bf508dac1ba
  subpackages:
  - internal
  - internal/cat
  - internal/jsonx
  - internal/logger
  - internal/sysinfo
  - internal/utilization
testImports: []
